
Microsoft Visual Studio Solution File, Format Version 12.00
# Visual Studio 15
VisualStudioVersion = 15.0.26730.12
MinimumVisualStudioVersion = 10.0.40219.1
Project("{FAE04EC0-301F-11D3-BF4B-00C04F79EFBC}") = "TestApp", "GosDuma\TestApp.csproj", "{F237FC05-7BDD-431D-85DB-A12F14067FD4}"
EndProject
Project("{FAE04EC0-301F-11D3-BF4B-00C04F79EFBC}") = "GosDumaApiIntegration", "GosDumaApiIntegration\GosDumaApiIntegration.csproj", "{DB4D5CFF-3E75-4C9E-BCA1-3B04AF9CB552}"
EndProject
Global
	GlobalSection(SolutionConfigurationPlatforms) = preSolution
		Debug|Any CPU = Debug|Any CPU
		Release|Any CPU = Release|Any CPU
	EndGlobalSection
	GlobalSection(ProjectConfigurationPlatforms) = postSolution
		{F237FC05-7BDD-431D-85DB-A12F14067FD4}.Debug|Any CPU.ActiveCfg = Debug|Any CPU
		{F237FC05-7BDD-431D-85DB-A12F14067FD4}.Debug|Any CPU.Build.0 = Debug|Any CPU
		{F237FC05-7BDD-431D-85DB-A12F14067FD4}.Release|Any CPU.ActiveCfg = Release|Any CPU
		{F237FC05-7BDD-431D-85DB-A12F14067FD4}.Release|Any CPU.Build.0 = Release|Any CPU
		{DB4D5CFF-3E75-4C9E-BCA1-3B04AF9CB552}.Debug|Any CPU.ActiveCfg = Debug|Any CPU
		{DB4D5CFF-3E75-4C9E-BCA1-3B04AF9CB552}.Debug|Any CPU.Build.0 = Debug|Any CPU
		{DB4D5CFF-3E75-4C9E-BCA1-3B04AF9CB552}.Release|Any CPU.ActiveCfg = Release|Any CPU
		{DB4D5CFF-3E75-4C9E-BCA1-3B04AF9CB552}.Release|Any CPU.Build.0 = Release|Any CPU
	EndGlobalSection
	GlobalSection(SolutionProperties) = preSolution
		HideSolutionNode = FALSE
	EndGlobalSection
	GlobalSection(ExtensibilityGlobals) = postSolution
		SolutionGuid = {F1E4CF09-2DB9-41D0-AC78-B6FB0F07ECC6}
	EndGlobalSection
EndGlobal
